# THIS IS AN AUTOGENERATED FILE. DO NOT EDIT THIS FILE DIRECTLY.
# yarn lockfile v1


"@ipld/dag-cbor@^6.0.5":
  version "6.0.15"
  resolved "https://registry.npmjs.org/@ipld/dag-cbor/-/dag-cbor-6.0.15.tgz"
  dependencies:
    cborg "^1.5.4"
    multiformats "^9.5.4"

"@ipld/dag-pb@^2.1.3":
  version "2.1.18"
  resolved "https://registry.npmjs.org/@ipld/dag-pb/-/dag-pb-2.1.18.tgz"
  dependencies:
    multiformats "^9.5.4"

"@protobufjs/aspromise@^1.1.1", "@protobufjs/aspromise@^1.1.2":
  version "1.1.2"
  resolved "https://registry.npmjs.org/@protobufjs/aspromise/-/aspromise-1.1.2.tgz"

"@protobufjs/base64@^1.1.2":
  version "1.1.2"
  resolved "https://registry.npmjs.org/@protobufjs/base64/-/base64-1.1.2.tgz"

"@protobufjs/codegen@^2.0.4":
  version "2.0.4"
  resolved "https://registry.npmjs.org/@protobufjs/codegen/-/codegen-2.0.4.tgz"

"@protobufjs/eventemitter@^1.1.0":
  version "1.1.0"
  resolved "https://registry.npmjs.org/@protobufjs/eventemitter/-/eventemitter-1.1.0.tgz"

"@protobufjs/fetch@^1.1.0":
  version "1.1.0"
  resolved "https://registry.npmjs.org/@protobufjs/fetch/-/fetch-1.1.0.tgz"
  dependencies:
    "@protobufjs/aspromise" "^1.1.1"
    "@protobufjs/inquire" "^1.1.0"

"@protobufjs/float@^1.0.2":
  version "1.0.2"
  resolved "https://registry.npmjs.org/@protobufjs/float/-/float-1.0.2.tgz"

"@protobufjs/inquire@^1.1.0":
  version "1.1.0"
  resolved "https://registry.npmjs.org/@protobufjs/inquire/-/inquire-1.1.0.tgz"

"@protobufjs/path@^1.1.2":
  version "1.1.2"
  resolved "https://registry.npmjs.org/@protobufjs/path/-/path-1.1.2.tgz"

"@protobufjs/pool@^1.1.0":
  version "1.1.0"
  resolved "https://registry.npmjs.org/@protobufjs/pool/-/pool-1.1.0.tgz"

"@protobufjs/utf8@^1.1.0":
  version "1.1.0"
  resolved "https://registry.npmjs.org/@protobufjs/utf8/-/utf8-1.1.0.tgz"

"@types/long@^4.0.1":
  version "4.0.2"
  resolved "https://registry.npmjs.org/@types/long/-/long-4.0.2.tgz"

"@types/minimatch@^3.0.4":
  version "3.0.5"
  resolved "https://registry.npmjs.org/@types/minimatch/-/minimatch-3.0.5.tgz"

"@types/node@>=13.7.0":
  version "18.17.0"
  resolved "https://registry.npmjs.org/@types/node/-/node-18.17.0.tgz"

abort-controller@^3.0.0:
  version "3.0.0"
  resolved "https://registry.npmjs.org/abort-controller/-/abort-controller-3.0.0.tgz"
  dependencies:
    event-target-shim "^5.0.0"

ansi-colors@^3.2.1:
  version "3.2.4"
  resolved "https://registry.npmjs.org/ansi-colors/-/ansi-colors-3.2.4.tgz"

ansi-regex@^3.0.0:
  version "3.0.1"
  resolved "https://registry.npmjs.org/ansi-regex/-/ansi-regex-3.0.1.tgz"

ansi-regex@^4.1.0:
  version "4.1.1"
  resolved "https://registry.npmjs.org/ansi-regex/-/ansi-regex-4.1.1.tgz"

ansi-styles@^3.2.1:
  version "3.2.1"
  resolved "https://registry.npmjs.org/ansi-styles/-/ansi-styles-3.2.1.tgz"
  dependencies:
    color-convert "^1.9.0"

any-signal@^2.1.0, any-signal@^2.1.2:
  version "2.1.2"
  resolved "https://registry.npmjs.org/any-signal/-/any-signal-2.1.2.tgz"
  dependencies:
    abort-controller "^3.0.0"
    native-abort-controller "^1.0.3"

apisauce@^1.0.1:
  version "1.1.5"
  resolved "https://registry.npmjs.org/apisauce/-/apisauce-1.1.5.tgz"
  dependencies:
    axios "^0.21.2"
    ramda "^0.25.0"

app-module-path@^2.2.0:
  version "2.2.0"
  resolved "https://registry.npmjs.org/app-module-path/-/app-module-path-2.2.0.tgz"

argparse@^1.0.7:
  version "1.0.10"
  resolved "https://registry.npmjs.org/argparse/-/argparse-1.0.10.tgz"
  dependencies:
    sprintf-js "~1.0.2"

asynckit@^0.4.0:
  version "0.4.0"
  resolved "https://registry.npmjs.org/asynckit/-/asynckit-0.4.0.tgz"

axios@^0.21.2:
  version "0.21.4"
  resolved "https://registry.npmjs.org/axios/-/axios-0.21.4.tgz"
  dependencies:
    follow-redirects "^1.14.0"

balanced-match@^1.0.0:
  version "1.0.2"
  resolved "https://registry.npmjs.org/balanced-match/-/balanced-match-1.0.2.tgz"

base64-js@^1.3.1:
  version "1.5.1"
  resolved "https://registry.npmjs.org/base64-js/-/base64-js-1.5.1.tgz"

batch-promises@^0.0.3:
  version "0.0.3"
  resolved "https://registry.npmjs.org/batch-promises/-/batch-promises-0.0.3.tgz"

blob-to-it@^1.0.1:
  version "1.0.4"
  resolved "https://registry.npmjs.org/blob-to-it/-/blob-to-it-1.0.4.tgz"
  dependencies:
    browser-readablestream-to-it "^1.0.3"

brace-expansion@^1.1.7:
  version "1.1.11"
  resolved "https://registry.npmjs.org/brace-expansion/-/brace-expansion-1.1.11.tgz"
  dependencies:
    balanced-match "^1.0.0"
    concat-map "0.0.1"

browser-readablestream-to-it@^1.0.1, browser-readablestream-to-it@^1.0.3:
  version "1.0.3"
  resolved "https://registry.npmjs.org/browser-readablestream-to-it/-/browser-readablestream-to-it-1.0.3.tgz"

buffer@^6.0.1, buffer@^6.0.3:
  version "6.0.3"
  resolved "https://registry.npmjs.org/buffer/-/buffer-6.0.3.tgz"
  dependencies:
    base64-js "^1.3.1"
    ieee754 "^1.2.1"

caller-callsite@^2.0.0:
  version "2.0.0"
  resolved "https://registry.npmjs.org/caller-callsite/-/caller-callsite-2.0.0.tgz"
  dependencies:
    callsites "^2.0.0"

caller-path@^2.0.0:
  version "2.0.0"
  resolved "https://registry.npmjs.org/caller-path/-/caller-path-2.0.0.tgz"
  dependencies:
    caller-callsite "^2.0.0"

callsites@^2.0.0:
  version "2.0.0"
  resolved "https://registry.npmjs.org/callsites/-/callsites-2.0.0.tgz"

camelcase@^5.0.0:
  version "5.3.1"
  resolved "https://registry.npmjs.org/camelcase/-/camelcase-5.3.1.tgz"

cborg@^1.5.4:
  version "1.10.2"
  resolved "https://registry.npmjs.org/cborg/-/cborg-1.10.2.tgz"

chalk@^2.0.1, chalk@^2.4.2:
  version "2.4.2"
  resolved "https://registry.npmjs.org/chalk/-/chalk-2.4.2.tgz"
  dependencies:
    ansi-styles "^3.2.1"
    escape-string-regexp "^1.0.5"
    supports-color "^5.3.0"

cli-cursor@^2.1.0:
  version "2.1.0"
  resolved "https://registry.npmjs.org/cli-cursor/-/cli-cursor-2.1.0.tgz"
  dependencies:
    restore-cursor "^2.0.0"

cli-spinners@^2.0.0:
  version "2.9.0"
  resolved "https://registry.npmjs.org/cli-spinners/-/cli-spinners-2.9.0.tgz"

cli-table3@~0.5.0:
  version "0.5.1"
  resolved "https://registry.npmjs.org/cli-table3/-/cli-table3-0.5.1.tgz"
  dependencies:
    object-assign "^4.1.0"
    string-width "^2.1.1"
  optionalDependencies:
    colors "^1.1.2"

clone@^1.0.2:
  version "1.0.4"
  resolved "https://registry.npmjs.org/clone/-/clone-1.0.4.tgz"

color-convert@^1.9.0:
  version "1.9.3"
  resolved "https://registry.npmjs.org/color-convert/-/color-convert-1.9.3.tgz"
  dependencies:
    color-name "1.1.3"

color-name@1.1.3:
  version "1.1.3"
  resolved "https://registry.npmjs.org/color-name/-/color-name-1.1.3.tgz"

colors@^1.1.2, colors@^1.3.3:
  version "1.4.0"
  resolved "https://registry.npmjs.org/colors/-/colors-1.4.0.tgz"

combined-stream@^1.0.6, combined-stream@^1.0.8:
  version "1.0.8"
  resolved "https://registry.npmjs.org/combined-stream/-/combined-stream-1.0.8.tgz"
  dependencies:
    delayed-stream "~1.0.0"

concat-map@0.0.1:
  version "0.0.1"
  resolved "https://registry.npmjs.org/concat-map/-/concat-map-0.0.1.tgz"

cosmiconfig@5.1.0:
  version "5.1.0"
  resolved "https://registry.npmjs.org/cosmiconfig/-/cosmiconfig-5.1.0.tgz"
  dependencies:
    import-fresh "^2.0.0"
    is-directory "^0.3.1"
    js-yaml "^3.9.0"
    lodash.get "^4.4.2"
    parse-json "^4.0.0"

cross-spawn@^6.0.0, cross-spawn@^6.0.5:
  version "6.0.5"
  resolved "https://registry.npmjs.org/cross-spawn/-/cross-spawn-6.0.5.tgz"
  dependencies:
    nice-try "^1.0.4"
    path-key "^2.0.1"
    semver "^5.5.0"
    shebang-command "^1.2.0"
    which "^1.2.9"

debug@^4.1.1, debug@^4.3.1:
  version "4.3.4"
  resolved "https://registry.npmjs.org/debug/-/debug-4.3.4.tgz"
  dependencies:
    ms "2.1.2"

decamelize@^1.2.0:
  version "1.2.0"
  resolved "https://registry.npmjs.org/decamelize/-/decamelize-1.2.0.tgz"

defaults@^1.0.3:
  version "1.0.4"
  resolved "https://registry.npmjs.org/defaults/-/defaults-1.0.4.tgz"
  dependencies:
    clone "^1.0.2"

delayed-stream@~1.0.0:
  version "1.0.0"
  resolved "https://registry.npmjs.org/delayed-stream/-/delayed-stream-1.0.0.tgz"

dns-over-http-resolver@^1.2.3:
  version "1.2.3"
  resolved "https://registry.npmjs.org/dns-over-http-resolver/-/dns-over-http-resolver-1.2.3.tgz"
  dependencies:
    debug "^4.3.1"
    native-fetch "^3.0.0"
    receptacle "^1.3.2"

ejs@^2.6.1:
  version "2.7.4"
  resolved "https://registry.npmjs.org/ejs/-/ejs-2.7.4.tgz"

electron-fetch@^1.7.2:
  version "1.9.1"
  resolved "https://registry.npmjs.org/electron-fetch/-/electron-fetch-1.9.1.tgz"
  dependencies:
    encoding "^0.1.13"

encoding@^0.1.13:
  version "0.1.13"
  resolved "https://registry.npmjs.org/encoding/-/encoding-0.1.13.tgz"
  dependencies:
    iconv-lite "^0.6.2"

end-of-stream@^1.1.0:
  version "1.4.4"
  resolved "https://registry.npmjs.org/end-of-stream/-/end-of-stream-1.4.4.tgz"
  dependencies:
    once "^1.4.0"

enquirer@2.3.2:
  version "2.3.2"
  resolved "https://registry.npmjs.org/enquirer/-/enquirer-2.3.2.tgz"
  dependencies:
    ansi-colors "^3.2.1"

err-code@^3.0.1:
  version "3.0.1"
  resolved "https://registry.npmjs.org/err-code/-/err-code-3.0.1.tgz"

error-ex@^1.3.1:
  version "1.3.2"
  resolved "https://registry.npmjs.org/error-ex/-/error-ex-1.3.2.tgz"
  dependencies:
    is-arrayish "^0.2.1"

escape-string-regexp@^1.0.5:
  version "1.0.5"
  resolved "https://registry.npmjs.org/escape-string-regexp/-/escape-string-regexp-1.0.5.tgz"

esprima@^4.0.0:
  version "4.0.1"
  resolved "https://registry.npmjs.org/esprima/-/esprima-4.0.1.tgz"

event-target-shim@^5.0.0:
  version "5.0.1"
  resolved "https://registry.npmjs.org/event-target-shim/-/event-target-shim-5.0.1.tgz"

execa@^1.0.0:
  version "1.0.0"
  resolved "https://registry.npmjs.org/execa/-/execa-1.0.0.tgz"
  dependencies:
    cross-spawn "^6.0.0"
    get-stream "^4.0.0"
    is-stream "^1.1.0"
    npm-run-path "^2.0.0"
    p-finally "^1.0.0"
    signal-exit "^3.0.0"
    strip-eof "^1.0.0"

fast-fifo@^1.0.0:
  version "1.3.0"
  resolved "https://registry.npmjs.org/fast-fifo/-/fast-fifo-1.3.0.tgz"

follow-redirects@^1.14.0:
  version "1.15.4"
  resolved "https://registry.yarnpkg.com/follow-redirects/-/follow-redirects-1.15.4.tgz#cdc7d308bf6493126b17ea2191ea0ccf3e535adf"

form-data@^2.5.1:
  version "2.5.1"
  resolved "https://registry.npmjs.org/form-data/-/form-data-2.5.1.tgz"
  dependencies:
    asynckit "^0.4.0"
    combined-stream "^1.0.6"
    mime-types "^2.1.12"

form-data@^4.0.0:
  version "4.0.0"
  resolved "https://registry.npmjs.org/form-data/-/form-data-4.0.0.tgz"
  dependencies:
    asynckit "^0.4.0"
    combined-stream "^1.0.8"
    mime-types "^2.1.12"

fs-jetpack@^2.2.2:
  version "2.4.0"
  resolved "https://registry.npmjs.org/fs-jetpack/-/fs-jetpack-2.4.0.tgz"
  dependencies:
    minimatch "^3.0.2"
    rimraf "^2.6.3"

fs.realpath@^1.0.0:
  version "1.0.0"
  resolved "https://registry.npmjs.org/fs.realpath/-/fs.realpath-1.0.0.tgz"

get-iterator@^1.0.2:
  version "1.0.2"
  resolved "https://registry.npmjs.org/get-iterator/-/get-iterator-1.0.2.tgz"

get-stream@^4.0.0:
  version "4.1.0"
  resolved "https://registry.npmjs.org/get-stream/-/get-stream-4.1.0.tgz"
  dependencies:
    pump "^3.0.0"

glob@^7.1.3:
  version "7.2.3"
  resolved "https://registry.npmjs.org/glob/-/glob-7.2.3.tgz"
  dependencies:
    fs.realpath "^1.0.0"
    inflight "^1.0.4"
    inherits "2"
    minimatch "^3.1.1"
    once "^1.3.0"
    path-is-absolute "^1.0.0"

gluegun@^3.3.4:
  version "3.3.5"
  resolved "https://registry.npmjs.org/gluegun/-/gluegun-3.3.5.tgz"
  dependencies:
    apisauce "^1.0.1"
    app-module-path "^2.2.0"
    cli-table3 "~0.5.0"
    colors "^1.3.3"
    cosmiconfig "5.1.0"
    cross-spawn "^6.0.5"
    ejs "^2.6.1"
    enquirer "2.3.2"
    execa "^1.0.0"
    fs-jetpack "^2.2.2"
    lodash.camelcase "^4.3.0"
    lodash.kebabcase "^4.1.1"
    lodash.lowercase "^4.3.0"
    lodash.lowerfirst "^4.3.1"
    lodash.pad "^4.5.1"
    lodash.padend "^4.6.1"
    lodash.padstart "^4.6.1"
    lodash.repeat "^4.1.0"
    lodash.snakecase "^4.1.1"
    lodash.startcase "^4.4.0"
    lodash.trim "^4.5.1"
    lodash.trimend "^4.5.1"
    lodash.trimstart "^4.5.1"
    lodash.uppercase "^4.3.0"
    lodash.upperfirst "^4.3.1"
    ora "^3.4.0"
    pluralize "^8.0.0"
    ramdasauce "^2.1.0"
    semver "^6.1.1"
    which "^1.2.14"
    yargs-parser "^12.0.0"

has-flag@^3.0.0:
  version "3.0.0"
  resolved "https://registry.npmjs.org/has-flag/-/has-flag-3.0.0.tgz"

iconv-lite@^0.6.2:
  version "0.6.3"
  resolved "https://registry.npmjs.org/iconv-lite/-/iconv-lite-0.6.3.tgz"
  dependencies:
    safer-buffer ">= 2.1.2 < 3.0.0"

ieee754@^1.2.1:
  version "1.2.1"
  resolved "https://registry.npmjs.org/ieee754/-/ieee754-1.2.1.tgz"

import-fresh@^2.0.0:
  version "2.0.0"
  resolved "https://registry.npmjs.org/import-fresh/-/import-fresh-2.0.0.tgz"
  dependencies:
    caller-path "^2.0.0"
    resolve-from "^3.0.0"

inflight@^1.0.4:
  version "1.0.6"
  resolved "https://registry.npmjs.org/inflight/-/inflight-1.0.6.tgz"
  dependencies:
    once "^1.3.0"
    wrappy "1"

inherits@2, inherits@^2.0.3:
  version "2.0.4"
  resolved "https://registry.npmjs.org/inherits/-/inherits-2.0.4.tgz"

interface-datastore@^5.2.0:
  version "5.2.0"
  resolved "https://registry.npmjs.org/interface-datastore/-/interface-datastore-5.2.0.tgz"
  dependencies:
    err-code "^3.0.1"
    interface-store "^1.0.2"
    ipfs-utils "^8.1.2"
    it-all "^1.0.2"
    it-drain "^1.0.1"
    it-filter "^1.0.2"
    it-take "^1.0.1"
    nanoid "^3.0.2"
    uint8arrays "^3.0.0"

interface-store@^1.0.2:
  version "1.0.2"
  resolved "https://registry.npmjs.org/interface-store/-/interface-store-1.0.2.tgz"

ip-regex@^4.0.0:
  version "4.3.0"
  resolved "https://registry.npmjs.org/ip-regex/-/ip-regex-4.3.0.tgz"

ipfs-core-types@^0.7.3:
  version "0.7.3"
  resolved "https://registry.npmjs.org/ipfs-core-types/-/ipfs-core-types-0.7.3.tgz"
  dependencies:
    interface-datastore "^5.2.0"
    multiaddr "^10.0.0"
    multiformats "^9.4.1"

ipfs-core-utils@^0.10.5:
  version "0.10.5"
  resolved "https://registry.npmjs.org/ipfs-core-utils/-/ipfs-core-utils-0.10.5.tgz"
  dependencies:
    any-signal "^2.1.2"
    blob-to-it "^1.0.1"
    browser-readablestream-to-it "^1.0.1"
    err-code "^3.0.1"
    ipfs-core-types "^0.7.3"
    ipfs-unixfs "^6.0.3"
    ipfs-utils "^8.1.4"
    it-all "^1.0.4"
    it-map "^1.0.4"
    it-peekable "^1.0.2"
    multiaddr "^10.0.0"
    multiaddr-to-uri "^8.0.0"
    multiformats "^9.4.1"
    parse-duration "^1.0.0"
    timeout-abort-controller "^1.1.1"
    uint8arrays "^3.0.0"

ipfs-http-client@^52.0.0:
  version "52.0.5"
  resolved "https://registry.npmjs.org/ipfs-http-client/-/ipfs-http-client-52.0.5.tgz"
  dependencies:
    "@ipld/dag-cbor" "^6.0.5"
    "@ipld/dag-pb" "^2.1.3"
    abort-controller "^3.0.0"
    any-signal "^2.1.2"
    debug "^4.1.1"
    err-code "^3.0.1"
    form-data "^4.0.0"
    ipfs-core-types "^0.7.3"
    ipfs-core-utils "^0.10.5"
    ipfs-utils "^8.1.4"
    it-first "^1.0.6"
    it-last "^1.0.4"
    it-to-stream "^1.0.0"
    merge-options "^3.0.4"
    multiaddr "^10.0.0"
    multiformats "^9.4.1"
    nanoid "^3.1.12"
    native-abort-controller "^1.0.3"
    parse-duration "^1.0.0"
    stream-to-it "^0.2.2"
    uint8arrays "^3.0.0"

ipfs-unixfs@^6.0.3:
  version "6.0.9"
  resolved "https://registry.npmjs.org/ipfs-unixfs/-/ipfs-unixfs-6.0.9.tgz"
  dependencies:
    err-code "^3.0.1"
    protobufjs "^6.10.2"

ipfs-utils@^8.1.2, ipfs-utils@^8.1.4:
  version "8.1.6"
  resolved "https://registry.npmjs.org/ipfs-utils/-/ipfs-utils-8.1.6.tgz"
  dependencies:
    abort-controller "^3.0.0"
    any-signal "^2.1.0"
    buffer "^6.0.1"
    electron-fetch "^1.7.2"
    err-code "^3.0.1"
    is-electron "^2.2.0"
    iso-url "^1.1.5"
    it-glob "~0.0.11"
    it-to-stream "^1.0.0"
    merge-options "^3.0.4"
    nanoid "^3.1.20"
    native-abort-controller "^1.0.3"
    native-fetch "^3.0.0"
    node-fetch "https://registry.npmjs.org/@achingbrain/node-fetch/-/node-fetch-2.6.7.tgz"
    react-native-fetch-api "^2.0.0"
    stream-to-it "^0.2.2"

is-arrayish@^0.2.1:
  version "0.2.1"
  resolved "https://registry.npmjs.org/is-arrayish/-/is-arrayish-0.2.1.tgz"

is-directory@^0.3.1:
  version "0.3.1"
  resolved "https://registry.npmjs.org/is-directory/-/is-directory-0.3.1.tgz"

is-electron@^2.2.0:
  version "2.2.2"
  resolved "https://registry.npmjs.org/is-electron/-/is-electron-2.2.2.tgz"

is-fullwidth-code-point@^2.0.0:
  version "2.0.0"
  resolved "https://registry.npmjs.org/is-fullwidth-code-point/-/is-fullwidth-code-point-2.0.0.tgz"

is-ip@^3.1.0:
  version "3.1.0"
  resolved "https://registry.npmjs.org/is-ip/-/is-ip-3.1.0.tgz"
  dependencies:
    ip-regex "^4.0.0"

is-plain-obj@^2.1.0:
  version "2.1.0"
  resolved "https://registry.npmjs.org/is-plain-obj/-/is-plain-obj-2.1.0.tgz"

is-stream@^1.1.0:
  version "1.1.0"
  resolved "https://registry.npmjs.org/is-stream/-/is-stream-1.1.0.tgz"

isexe@^2.0.0:
  version "2.0.0"
  resolved "https://registry.npmjs.org/isexe/-/isexe-2.0.0.tgz"

iso-url@^1.1.5:
  version "1.2.1"
  resolved "https://registry.npmjs.org/iso-url/-/iso-url-1.2.1.tgz"

it-all@^1.0.2, it-all@^1.0.4:
  version "1.0.6"
  resolved "https://registry.npmjs.org/it-all/-/it-all-1.0.6.tgz"

it-drain@^1.0.1:
  version "1.0.5"
  resolved "https://registry.npmjs.org/it-drain/-/it-drain-1.0.5.tgz"

it-filter@^1.0.2:
  version "1.0.3"
  resolved "https://registry.npmjs.org/it-filter/-/it-filter-1.0.3.tgz"

it-first@^1.0.6:
  version "1.0.7"
  resolved "https://registry.npmjs.org/it-first/-/it-first-1.0.7.tgz"

it-glob@~0.0.11:
  version "0.0.14"
  resolved "https://registry.npmjs.org/it-glob/-/it-glob-0.0.14.tgz"
  dependencies:
    "@types/minimatch" "^3.0.4"
    minimatch "^3.0.4"

it-last@^1.0.4:
  version "1.0.6"
  resolved "https://registry.npmjs.org/it-last/-/it-last-1.0.6.tgz"

it-map@^1.0.4:
  version "1.0.6"
  resolved "https://registry.npmjs.org/it-map/-/it-map-1.0.6.tgz"

it-peekable@^1.0.2:
  version "1.0.3"
  resolved "https://registry.npmjs.org/it-peekable/-/it-peekable-1.0.3.tgz"

it-take@^1.0.1:
  version "1.0.2"
  resolved "https://registry.npmjs.org/it-take/-/it-take-1.0.2.tgz"

it-to-stream@^1.0.0:
  version "1.0.0"
  resolved "https://registry.npmjs.org/it-to-stream/-/it-to-stream-1.0.0.tgz"
  dependencies:
    buffer "^6.0.3"
    fast-fifo "^1.0.0"
    get-iterator "^1.0.2"
    p-defer "^3.0.0"
    p-fifo "^1.0.0"
    readable-stream "^3.6.0"

js-yaml@^3.9.0:
  version "3.14.1"
  resolved "https://registry.npmjs.org/js-yaml/-/js-yaml-3.14.1.tgz"
  dependencies:
    argparse "^1.0.7"
    esprima "^4.0.0"

json-parse-better-errors@^1.0.1:
  version "1.0.2"
  resolved "https://registry.npmjs.org/json-parse-better-errors/-/json-parse-better-errors-1.0.2.tgz"

lodash.camelcase@^4.3.0:
  version "4.3.0"
  resolved "https://registry.npmjs.org/lodash.camelcase/-/lodash.camelcase-4.3.0.tgz"

lodash.get@^4.4.2:
  version "4.4.2"
  resolved "https://registry.npmjs.org/lodash.get/-/lodash.get-4.4.2.tgz"

lodash.kebabcase@^4.1.1:
  version "4.1.1"
  resolved "https://registry.npmjs.org/lodash.kebabcase/-/lodash.kebabcase-4.1.1.tgz"

lodash.lowercase@^4.3.0:
  version "4.3.0"
  resolved "https://registry.npmjs.org/lodash.lowercase/-/lodash.lowercase-4.3.0.tgz"

lodash.lowerfirst@^4.3.1:
  version "4.3.1"
  resolved "https://registry.npmjs.org/lodash.lowerfirst/-/lodash.lowerfirst-4.3.1.tgz"

lodash.pad@^4.5.1:
  version "4.5.1"
  resolved "https://registry.npmjs.org/lodash.pad/-/lodash.pad-4.5.1.tgz"

lodash.padend@^4.6.1:
  version "4.6.1"
  resolved "https://registry.npmjs.org/lodash.padend/-/lodash.padend-4.6.1.tgz"

lodash.padstart@^4.6.1:
  version "4.6.1"
  resolved "https://registry.npmjs.org/lodash.padstart/-/lodash.padstart-4.6.1.tgz"

lodash.repeat@^4.1.0:
  version "4.1.0"
  resolved "https://registry.npmjs.org/lodash.repeat/-/lodash.repeat-4.1.0.tgz"

lodash.snakecase@^4.1.1:
  version "4.1.1"
  resolved "https://registry.npmjs.org/lodash.snakecase/-/lodash.snakecase-4.1.1.tgz"

lodash.startcase@^4.4.0:
  version "4.4.0"
  resolved "https://registry.npmjs.org/lodash.startcase/-/lodash.startcase-4.4.0.tgz"

lodash.trim@^4.5.1:
  version "4.5.1"
  resolved "https://registry.npmjs.org/lodash.trim/-/lodash.trim-4.5.1.tgz"

lodash.trimend@^4.5.1:
  version "4.5.1"
  resolved "https://registry.npmjs.org/lodash.trimend/-/lodash.trimend-4.5.1.tgz"

lodash.trimstart@^4.5.1:
  version "4.5.1"
  resolved "https://registry.npmjs.org/lodash.trimstart/-/lodash.trimstart-4.5.1.tgz"

lodash.uppercase@^4.3.0:
  version "4.3.0"
  resolved "https://registry.npmjs.org/lodash.uppercase/-/lodash.uppercase-4.3.0.tgz"

lodash.upperfirst@^4.3.1:
  version "4.3.1"
  resolved "https://registry.npmjs.org/lodash.upperfirst/-/lodash.upperfirst-4.3.1.tgz"

log-symbols@^2.2.0:
  version "2.2.0"
  resolved "https://registry.npmjs.org/log-symbols/-/log-symbols-2.2.0.tgz"
  dependencies:
    chalk "^2.0.1"

long@^4.0.0:
  version "4.0.0"
  resolved "https://registry.npmjs.org/long/-/long-4.0.0.tgz"

merge-options@^3.0.4:
  version "3.0.4"
  resolved "https://registry.npmjs.org/merge-options/-/merge-options-3.0.4.tgz"
  dependencies:
    is-plain-obj "^2.1.0"

mime-db@1.52.0:
  version "1.52.0"
  resolved "https://registry.npmjs.org/mime-db/-/mime-db-1.52.0.tgz"

mime-types@^2.1.12:
  version "2.1.35"
  resolved "https://registry.npmjs.org/mime-types/-/mime-types-2.1.35.tgz"
  dependencies:
    mime-db "1.52.0"

mimic-fn@^1.0.0:
  version "1.2.0"
  resolved "https://registry.npmjs.org/mimic-fn/-/mimic-fn-1.2.0.tgz"

minimatch@^3.0.2, minimatch@^3.0.4, minimatch@^3.1.1:
  version "3.1.2"
  resolved "https://registry.npmjs.org/minimatch/-/minimatch-3.1.2.tgz"
  dependencies:
    brace-expansion "^1.1.7"

ms@2.1.2, ms@^2.1.1:
  version "2.1.2"
  resolved "https://registry.npmjs.org/ms/-/ms-2.1.2.tgz"

multiaddr-to-uri@^8.0.0:
  version "8.0.0"
  resolved "https://registry.npmjs.org/multiaddr-to-uri/-/multiaddr-to-uri-8.0.0.tgz"
  dependencies:
    multiaddr "^10.0.0"

multiaddr@^10.0.0:
  version "10.0.1"
  resolved "https://registry.npmjs.org/multiaddr/-/multiaddr-10.0.1.tgz"
  dependencies:
    dns-over-http-resolver "^1.2.3"
    err-code "^3.0.1"
    is-ip "^3.1.0"
    multiformats "^9.4.5"
    uint8arrays "^3.0.0"
    varint "^6.0.0"

multiformats@^9.4.1, multiformats@^9.4.2, multiformats@^9.4.5, multiformats@^9.5.4:
  version "9.9.0"
  resolved "https://registry.npmjs.org/multiformats/-/multiformats-9.9.0.tgz"

nanoid@^3.0.2, nanoid@^3.1.12, nanoid@^3.1.20:
  version "3.3.6"
  resolved "https://registry.npmjs.org/nanoid/-/nanoid-3.3.6.tgz"

native-abort-controller@^1.0.3:
  version "1.0.4"
  resolved "https://registry.npmjs.org/native-abort-controller/-/native-abort-controller-1.0.4.tgz"

native-fetch@^3.0.0:
  version "3.0.0"
  resolved "https://registry.npmjs.org/native-fetch/-/native-fetch-3.0.0.tgz"

nice-try@^1.0.4:
  version "1.0.5"
  resolved "https://registry.npmjs.org/nice-try/-/nice-try-1.0.5.tgz"

"node-fetch@https://registry.npmjs.org/@achingbrain/node-fetch/-/node-fetch-2.6.7.tgz":
  version "2.6.7"
  resolved "https://registry.npmjs.org/@achingbrain/node-fetch/-/node-fetch-2.6.7.tgz"

npm-run-path@^2.0.0:
  version "2.0.2"
  resolved "https://registry.npmjs.org/npm-run-path/-/npm-run-path-2.0.2.tgz"
  dependencies:
    path-key "^2.0.0"

object-assign@^4.1.0:
  version "4.1.1"
  resolved "https://registry.npmjs.org/object-assign/-/object-assign-4.1.1.tgz"

once@^1.3.0, once@^1.3.1, once@^1.4.0:
  version "1.4.0"
  resolved "https://registry.npmjs.org/once/-/once-1.4.0.tgz"
  dependencies:
    wrappy "1"

onetime@^2.0.0:
  version "2.0.1"
  resolved "https://registry.npmjs.org/onetime/-/onetime-2.0.1.tgz"
  dependencies:
    mimic-fn "^1.0.0"

ora@^3.4.0:
  version "3.4.0"
  resolved "https://registry.npmjs.org/ora/-/ora-3.4.0.tgz"
  dependencies:
    chalk "^2.4.2"
    cli-cursor "^2.1.0"
    cli-spinners "^2.0.0"
    log-symbols "^2.2.0"
    strip-ansi "^5.2.0"
    wcwidth "^1.0.1"

p-defer@^3.0.0:
  version "3.0.0"
  resolved "https://registry.npmjs.org/p-defer/-/p-defer-3.0.0.tgz"

p-fifo@^1.0.0:
  version "1.0.0"
  resolved "https://registry.npmjs.org/p-fifo/-/p-fifo-1.0.0.tgz"
  dependencies:
    fast-fifo "^1.0.0"
    p-defer "^3.0.0"

p-finally@^1.0.0:
  version "1.0.0"
  resolved "https://registry.npmjs.org/p-finally/-/p-finally-1.0.0.tgz"

parse-duration@^1.0.0:
  version "1.1.0"
  resolved "https://registry.npmjs.org/parse-duration/-/parse-duration-1.1.0.tgz"

parse-json@^4.0.0:
  version "4.0.0"
  resolved "https://registry.npmjs.org/parse-json/-/parse-json-4.0.0.tgz"
  dependencies:
    error-ex "^1.3.1"
    json-parse-better-errors "^1.0.1"

path-is-absolute@^1.0.0:
  version "1.0.1"
  resolved "https://registry.npmjs.org/path-is-absolute/-/path-is-absolute-1.0.1.tgz"

path-key@^2.0.0, path-key@^2.0.1:
  version "2.0.1"
  resolved "https://registry.npmjs.org/path-key/-/path-key-2.0.1.tgz"

pluralize@^8.0.0:
  version "8.0.0"
  resolved "https://registry.npmjs.org/pluralize/-/pluralize-8.0.0.tgz"

prettier@^1.18.2:
  version "1.19.1"
  resolved "https://registry.npmjs.org/prettier/-/prettier-1.19.1.tgz"

protobufjs@^6.10.2:
  version "6.11.3"
  resolved "https://registry.npmjs.org/protobufjs/-/protobufjs-6.11.3.tgz"
  dependencies:
    "@protobufjs/aspromise" "^1.1.2"
    "@protobufjs/base64" "^1.1.2"
    "@protobufjs/codegen" "^2.0.4"
    "@protobufjs/eventemitter" "^1.1.0"
    "@protobufjs/fetch" "^1.1.0"
    "@protobufjs/float" "^1.0.2"
    "@protobufjs/inquire" "^1.1.0"
    "@protobufjs/path" "^1.1.2"
    "@protobufjs/pool" "^1.1.0"
    "@protobufjs/utf8" "^1.1.0"
    "@types/long" "^4.0.1"
    "@types/node" ">=13.7.0"
    long "^4.0.0"

pump@^3.0.0:
  version "3.0.0"
  resolved "https://registry.npmjs.org/pump/-/pump-3.0.0.tgz"
  dependencies:
    end-of-stream "^1.1.0"
    once "^1.3.1"

ramda@^0.24.1:
  version "0.24.1"
  resolved "https://registry.npmjs.org/ramda/-/ramda-0.24.1.tgz"

ramda@^0.25.0:
  version "0.25.0"
  resolved "https://registry.npmjs.org/ramda/-/ramda-0.25.0.tgz"

ramdasauce@^2.1.0:
  version "2.1.3"
  resolved "https://registry.npmjs.org/ramdasauce/-/ramdasauce-2.1.3.tgz"
  dependencies:
    ramda "^0.24.1"

react-native-fetch-api@^2.0.0:
  version "2.0.0"
  resolved "https://registry.npmjs.org/react-native-fetch-api/-/react-native-fetch-api-2.0.0.tgz"
  dependencies:
    p-defer "^3.0.0"

readable-stream@^3.6.0:
  version "3.6.2"
  resolved "https://registry.npmjs.org/readable-stream/-/readable-stream-3.6.2.tgz"
  dependencies:
    inherits "^2.0.3"
    string_decoder "^1.1.1"
    util-deprecate "^1.0.1"

receptacle@^1.3.2:
  version "1.3.2"
  resolved "https://registry.npmjs.org/receptacle/-/receptacle-1.3.2.tgz"
  dependencies:
    ms "^2.1.1"

resolve-from@^3.0.0:
  version "3.0.0"
  resolved "https://registry.npmjs.org/resolve-from/-/resolve-from-3.0.0.tgz"

restore-cursor@^2.0.0:
  version "2.0.0"
  resolved "https://registry.npmjs.org/restore-cursor/-/restore-cursor-2.0.0.tgz"
  dependencies:
    onetime "^2.0.0"
    signal-exit "^3.0.2"

retimer@^2.0.0:
  version "2.0.0"
  resolved "https://registry.npmjs.org/retimer/-/retimer-2.0.0.tgz"

rimraf@^2.6.3:
  version "2.7.1"
  resolved "https://registry.npmjs.org/rimraf/-/rimraf-2.7.1.tgz"
  dependencies:
    glob "^7.1.3"

safe-buffer@~5.2.0:
  version "5.2.1"
  resolved "https://registry.npmjs.org/safe-buffer/-/safe-buffer-5.2.1.tgz"

"safer-buffer@>= 2.1.2 < 3.0.0":
  version "2.1.2"
  resolved "https://registry.npmjs.org/safer-buffer/-/safer-buffer-2.1.2.tgz"

semver@^5.5.0:
  version "5.7.2"
  resolved "https://registry.npmjs.org/semver/-/semver-5.7.2.tgz"

semver@^6.1.1:
  version "6.3.1"
  resolved "https://registry.npmjs.org/semver/-/semver-6.3.1.tgz"

shebang-command@^1.2.0:
  version "1.2.0"
  resolved "https://registry.npmjs.org/shebang-command/-/shebang-command-1.2.0.tgz"
  dependencies:
    shebang-regex "^1.0.0"

shebang-regex@^1.0.0:
  version "1.0.0"
  resolved "https://registry.npmjs.org/shebang-regex/-/shebang-regex-1.0.0.tgz"

signal-exit@^3.0.0, signal-exit@^3.0.2:
  version "3.0.7"
  resolved "https://registry.npmjs.org/signal-exit/-/signal-exit-3.0.7.tgz"

sprintf-js@~1.0.2:
  version "1.0.3"
  resolved "https://registry.npmjs.org/sprintf-js/-/sprintf-js-1.0.3.tgz"

stream-to-it@^0.2.2:
  version "0.2.4"
  resolved "https://registry.npmjs.org/stream-to-it/-/stream-to-it-0.2.4.tgz"
  dependencies:
    get-iterator "^1.0.2"

string-width@^2.1.1:
  version "2.1.1"
  resolved "https://registry.npmjs.org/string-width/-/string-width-2.1.1.tgz"
  dependencies:
    is-fullwidth-code-point "^2.0.0"
    strip-ansi "^4.0.0"

string_decoder@^1.1.1:
  version "1.3.0"
  resolved "https://registry.npmjs.org/string_decoder/-/string_decoder-1.3.0.tgz"
  dependencies:
    safe-buffer "~5.2.0"

strip-ansi@^4.0.0:
  version "4.0.0"
  resolved "https://registry.npmjs.org/strip-ansi/-/strip-ansi-4.0.0.tgz"
  dependencies:
    ansi-regex "^3.0.0"

strip-ansi@^5.2.0:
  version "5.2.0"
  resolved "https://registry.npmjs.org/strip-ansi/-/strip-ansi-5.2.0.tgz"
  dependencies:
    ansi-regex "^4.1.0"

strip-eof@^1.0.0:
  version "1.0.0"
  resolved "https://registry.npmjs.org/strip-eof/-/strip-eof-1.0.0.tgz"

supports-color@^5.3.0:
  version "5.5.0"
  resolved "https://registry.npmjs.org/supports-color/-/supports-color-5.5.0.tgz"
  dependencies:
    has-flag "^3.0.0"

timeout-abort-controller@^1.1.1:
  version "1.1.1"
  resolved "https://registry.npmjs.org/timeout-abort-controller/-/timeout-abort-controller-1.1.1.tgz"
  dependencies:
    abort-controller "^3.0.0"
    retimer "^2.0.0"

uint8arrays@^3.0.0:
  version "3.1.1"
  resolved "https://registry.npmjs.org/uint8arrays/-/uint8arrays-3.1.1.tgz"
  dependencies:
    multiformats "^9.4.2"

util-deprecate@^1.0.1:
  version "1.0.2"
  resolved "https://registry.npmjs.org/util-deprecate/-/util-deprecate-1.0.2.tgz"

varint@^6.0.0:
  version "6.0.0"
  resolved "https://registry.npmjs.org/varint/-/varint-6.0.0.tgz"

wcwidth@^1.0.1:
  version "1.0.1"
  resolved "https://registry.npmjs.org/wcwidth/-/wcwidth-1.0.1.tgz"
  dependencies:
    defaults "^1.0.3"

which@^1.2.14, which@^1.2.9:
  version "1.3.1"
  resolved "https://registry.npmjs.org/which/-/which-1.3.1.tgz"
  dependencies:
    isexe "^2.0.0"

wrappy@1:
  version "1.0.2"
  resolved "https://registry.npmjs.org/wrappy/-/wrappy-1.0.2.tgz"

yargs-parser@^12.0.0:
  version "12.0.0"
  resolved "https://registry.npmjs.org/yargs-parser/-/yargs-parser-12.0.0.tgz"
  dependencies:
    camelcase "^5.0.0"
    decamelize "^1.2.0"
